{
  "name": "Frontend",
  "version": "1.0.0",
  "lockfileVersion": 1,
  "requires": true,
  "dependencies": {
    "@types/firefox-webext-browser": {
      "version": "78.0.1",
      "resolved": "https://registry.npmjs.org/@types/firefox-webext-browser/-/firefox-webext-browser-78.0.1.tgz",
      "integrity": "sha512-0d7oiI9K6Y4efP4Crl3JB88zYl7vaRdLtumqz8v6axMF8RCnK0NaGUjL4DnyQ7GLPo98b+s0BSRalaxAXgvPAQ=="
    },
    "content-scripts-register-polyfill": {
      "version": "1.0.5",
      "resolved": "https://registry.npmjs.org/content-scripts-register-polyfill/-/content-scripts-register-polyfill-1.0.5.tgz",
      "integrity": "sha512-SNpw8Qn3DeIRGLIVgeOdDrWftlwKMcIqaKTrZ67MEtBnt/rC1MG8GAWINxrrizOymSBDszk8K2CJ2AJPNILCcg==",
      "requires": {
        "@types/firefox-webext-browser": "^78.0.1",
        "webext-patterns": "^0.9.0"
      }
    },
    "webext-patterns": {
      "version": "0.9.0",
      "resolved": "https://registry.npmjs.org/webext-patterns/-/webext-patterns-0.9.0.tgz",
      "integrity": "sha512-eJDQjdJ8QmbURZtmRVnkLm4xHoG3YUNJzpIIJPmBKC4rjfT89IzZvUn70qJSKM9+S3sqefI1hzQIvSLp2uGWfw=="
    }
  }
}
